
Microsoft Visual Studio Solution File, Format Version 12.00
# Visual Studio 15
VisualStudioVersion = 15.0.28307.438
MinimumVisualStudioVersion = 10.0.40219.1
Project("{9A19103F-16F7-4668-BE54-9A1E7A4F7556}") = "TicketGateway.Api", "TicketGateway.Api\TicketGateway.Api.csproj", "{528DD29E-63D1-47DB-9BD2-01FB7789CE75}"
EndProject
Project("{9A19103F-16F7-4668-BE54-9A1E7A4F7556}") = "Identity.Api", "Identity.Api\Identity.Api.csproj", "{63885DDD-88D3-4424-B01F-52C5F15B65FF}"
EndProject
Project("{9A19103F-16F7-4668-BE54-9A1E7A4F7556}") = "HelpDesk.Api", "HelpDesk.Api\HelpDesk.Api.csproj", "{55AB8392-E62C-46B1-A409-A67B5B058F53}"
EndProject
Project("{2150E333-8FDC-42A3-9474-1A3956D46DE8}") = "gateway", "gateway", "{68E5270D-A362-49F6-9FFF-376853EDA6AA}"
EndProject
Project("{2150E333-8FDC-42A3-9474-1A3956D46DE8}") = "microservices", "microservices", "{927ECFA6-1DAA-43B4-9BB3-8E8F008E9D9D}"
EndProject
Project("{2150E333-8FDC-42A3-9474-1A3956D46DE8}") = "helpdesk", "helpdesk", "{A6CDEB8C-D689-441E-BAAB-261745492436}"
EndProject
Project("{2150E333-8FDC-42A3-9474-1A3956D46DE8}") = "identity", "identity", "{32695A29-65D2-4EAC-A6D7-8B770A6CC535}"
EndProject
Project("{FAE04EC0-301F-11D3-BF4B-00C04F79EFBC}") = "helpdesk.api.test", "helpdesk.api.test\helpdesk.api.test.csproj", "{48BF43E7-E557-4FF0-AE9D-F7A6243FEB6F}"
EndProject
Project("{FAE04EC0-301F-11D3-BF4B-00C04F79EFBC}") = "identity.api.test", "identity.api.test\identity.api.test.csproj", "{1B9C1386-6D48-4B4B-9366-09535324C372}"
EndProject
Global
	GlobalSection(SolutionConfigurationPlatforms) = preSolution
		Debug|Any CPU = Debug|Any CPU
		Release|Any CPU = Release|Any CPU
	EndGlobalSection
	GlobalSection(ProjectConfigurationPlatforms) = postSolution
		{528DD29E-63D1-47DB-9BD2-01FB7789CE75}.Debug|Any CPU.ActiveCfg = Debug|Any CPU
		{528DD29E-63D1-47DB-9BD2-01FB7789CE75}.Debug|Any CPU.Build.0 = Debug|Any CPU
		{528DD29E-63D1-47DB-9BD2-01FB7789CE75}.Release|Any CPU.ActiveCfg = Release|Any CPU
		{528DD29E-63D1-47DB-9BD2-01FB7789CE75}.Release|Any CPU.Build.0 = Release|Any CPU
		{63885DDD-88D3-4424-B01F-52C5F15B65FF}.Debug|Any CPU.ActiveCfg = Debug|Any CPU
		{63885DDD-88D3-4424-B01F-52C5F15B65FF}.Debug|Any CPU.Build.0 = Debug|Any CPU
		{63885DDD-88D3-4424-B01F-52C5F15B65FF}.Release|Any CPU.ActiveCfg = Release|Any CPU
		{63885DDD-88D3-4424-B01F-52C5F15B65FF}.Release|Any CPU.Build.0 = Release|Any CPU
		{55AB8392-E62C-46B1-A409-A67B5B058F53}.Debug|Any CPU.ActiveCfg = Debug|Any CPU
		{55AB8392-E62C-46B1-A409-A67B5B058F53}.Debug|Any CPU.Build.0 = Debug|Any CPU
		{55AB8392-E62C-46B1-A409-A67B5B058F53}.Release|Any CPU.ActiveCfg = Release|Any CPU
		{55AB8392-E62C-46B1-A409-A67B5B058F53}.Release|Any CPU.Build.0 = Release|Any CPU
		{48BF43E7-E557-4FF0-AE9D-F7A6243FEB6F}.Debug|Any CPU.ActiveCfg = Debug|Any CPU
		{48BF43E7-E557-4FF0-AE9D-F7A6243FEB6F}.Debug|Any CPU.Build.0 = Debug|Any CPU
		{48BF43E7-E557-4FF0-AE9D-F7A6243FEB6F}.Release|Any CPU.ActiveCfg = Release|Any CPU
		{48BF43E7-E557-4FF0-AE9D-F7A6243FEB6F}.Release|Any CPU.Build.0 = Release|Any CPU
		{1B9C1386-6D48-4B4B-9366-09535324C372}.Debug|Any CPU.ActiveCfg = Debug|Any CPU
		{1B9C1386-6D48-4B4B-9366-09535324C372}.Debug|Any CPU.Build.0 = Debug|Any CPU
		{1B9C1386-6D48-4B4B-9366-09535324C372}.Release|Any CPU.ActiveCfg = Release|Any CPU
		{1B9C1386-6D48-4B4B-9366-09535324C372}.Release|Any CPU.Build.0 = Release|Any CPU
	EndGlobalSection
	GlobalSection(SolutionProperties) = preSolution
		HideSolutionNode = FALSE
	EndGlobalSection
	GlobalSection(NestedProjects) = preSolution
		{528DD29E-63D1-47DB-9BD2-01FB7789CE75} = {68E5270D-A362-49F6-9FFF-376853EDA6AA}
		{63885DDD-88D3-4424-B01F-52C5F15B65FF} = {32695A29-65D2-4EAC-A6D7-8B770A6CC535}
		{55AB8392-E62C-46B1-A409-A67B5B058F53} = {A6CDEB8C-D689-441E-BAAB-261745492436}
		{A6CDEB8C-D689-441E-BAAB-261745492436} = {927ECFA6-1DAA-43B4-9BB3-8E8F008E9D9D}
		{32695A29-65D2-4EAC-A6D7-8B770A6CC535} = {927ECFA6-1DAA-43B4-9BB3-8E8F008E9D9D}
		{48BF43E7-E557-4FF0-AE9D-F7A6243FEB6F} = {A6CDEB8C-D689-441E-BAAB-261745492436}
		{1B9C1386-6D48-4B4B-9366-09535324C372} = {32695A29-65D2-4EAC-A6D7-8B770A6CC535}
	EndGlobalSection
	GlobalSection(ExtensibilityGlobals) = postSolution
		SolutionGuid = {A80D503D-B071-4085-AAA2-DEC6D67377F9}
	EndGlobalSection
EndGlobal
